
Microsoft Visual Studio Solution File, Format Version 12.00
# Visual Studio Version 17
VisualStudioVersion = 17.14.36127.28
MinimumVisualStudioVersion = 10.0.40219.1
Project("{FAE04EC0-301F-11D3-BF4B-00C04F79EFBC}") = "StarWarsGeeks.UI", "StarWarsGeeks.UI\StarWarsGeeks.UI.csproj", "{19F02BED-821E-4283-9EAB-8A3FB42F728B}"
EndProject
Project("{FAE04EC0-301F-11D3-BF4B-00C04F79EFBC}") = "StarWarsGeeks.Business", "StarWarsGeeks.Business\StarWarsGeeks.Business.csproj", "{BCEA1BBE-3B52-4DEF-818D-2A1AC8CF5CBC}"
EndProject
Project("{FAE04EC0-301F-11D3-BF4B-00C04F79EFBC}") = "StarWarsGeeks.Database", "StarWarsGeeks.Database\StarWarsGeeks.Database.csproj", "{7FE0F6A2-666E-493D-840B-2FB681C47224}"
EndProject
Project("{FAE04EC0-301F-11D3-BF4B-00C04F79EFBC}") = "StarWarsGeeks.Common", "StarWarsGeeks.Common\StarWarsGeeks.Common.csproj", "{07264477-D25C-4E8F-A258-E4C6C6948F09}"
EndProject
Project("{FAE04EC0-301F-11D3-BF4B-00C04F79EFBC}") = "StarWarsGeeks.Api", "StarWarsGeeks.Api\StarWarsGeeks.Api.csproj", "{E2BF6F7F-31F2-5D1A-FA3F-4564590DB2CA}"
EndProject
Project("{FAE04EC0-301F-11D3-BF4B-00C04F79EFBC}") = "StarWarsGeeks.Tests", "StarWarsGeeks.Tests\StarWarsGeeks.Tests.csproj", "{BCE36A27-9AA2-4567-A9E1-C44E6759317F}"
EndProject
Global
	GlobalSection(SolutionConfigurationPlatforms) = preSolution
		Debug|Any CPU = Debug|Any CPU
		Release|Any CPU = Release|Any CPU
	EndGlobalSection
	GlobalSection(ProjectConfigurationPlatforms) = postSolution
		{19F02BED-821E-4283-9EAB-8A3FB42F728B}.Debug|Any CPU.ActiveCfg = Debug|Any CPU
		{19F02BED-821E-4283-9EAB-8A3FB42F728B}.Debug|Any CPU.Build.0 = Debug|Any CPU
		{19F02BED-821E-4283-9EAB-8A3FB42F728B}.Release|Any CPU.ActiveCfg = Release|Any CPU
		{19F02BED-821E-4283-9EAB-8A3FB42F728B}.Release|Any CPU.Build.0 = Release|Any CPU
		{BCEA1BBE-3B52-4DEF-818D-2A1AC8CF5CBC}.Debug|Any CPU.ActiveCfg = Debug|Any CPU
		{BCEA1BBE-3B52-4DEF-818D-2A1AC8CF5CBC}.Debug|Any CPU.Build.0 = Debug|Any CPU
		{BCEA1BBE-3B52-4DEF-818D-2A1AC8CF5CBC}.Release|Any CPU.ActiveCfg = Release|Any CPU
		{BCEA1BBE-3B52-4DEF-818D-2A1AC8CF5CBC}.Release|Any CPU.Build.0 = Release|Any CPU
		{7FE0F6A2-666E-493D-840B-2FB681C47224}.Debug|Any CPU.ActiveCfg = Debug|Any CPU
		{7FE0F6A2-666E-493D-840B-2FB681C47224}.Debug|Any CPU.Build.0 = Debug|Any CPU
		{7FE0F6A2-666E-493D-840B-2FB681C47224}.Release|Any CPU.ActiveCfg = Release|Any CPU
		{7FE0F6A2-666E-493D-840B-2FB681C47224}.Release|Any CPU.Build.0 = Release|Any CPU
		{07264477-D25C-4E8F-A258-E4C6C6948F09}.Debug|Any CPU.ActiveCfg = Debug|Any CPU
		{07264477-D25C-4E8F-A258-E4C6C6948F09}.Debug|Any CPU.Build.0 = Debug|Any CPU
		{07264477-D25C-4E8F-A258-E4C6C6948F09}.Release|Any CPU.ActiveCfg = Release|Any CPU
		{07264477-D25C-4E8F-A258-E4C6C6948F09}.Release|Any CPU.Build.0 = Release|Any CPU
		{E2BF6F7F-31F2-5D1A-FA3F-4564590DB2CA}.Debug|Any CPU.ActiveCfg = Debug|Any CPU
		{E2BF6F7F-31F2-5D1A-FA3F-4564590DB2CA}.Debug|Any CPU.Build.0 = Debug|Any CPU
		{E2BF6F7F-31F2-5D1A-FA3F-4564590DB2CA}.Release|Any CPU.ActiveCfg = Release|Any CPU
		{E2BF6F7F-31F2-5D1A-FA3F-4564590DB2CA}.Release|Any CPU.Build.0 = Release|Any CPU
		{BCE36A27-9AA2-4567-A9E1-C44E6759317F}.Debug|Any CPU.ActiveCfg = Debug|Any CPU
		{BCE36A27-9AA2-4567-A9E1-C44E6759317F}.Debug|Any CPU.Build.0 = Debug|Any CPU
		{BCE36A27-9AA2-4567-A9E1-C44E6759317F}.Release|Any CPU.ActiveCfg = Release|Any CPU
		{BCE36A27-9AA2-4567-A9E1-C44E6759317F}.Release|Any CPU.Build.0 = Release|Any CPU
	EndGlobalSection
	GlobalSection(SolutionProperties) = preSolution
		HideSolutionNode = FALSE
	EndGlobalSection
	GlobalSection(ExtensibilityGlobals) = postSolution
		SolutionGuid = {7D505971-9415-4529-9324-E1CF92981A89}
	EndGlobalSection
EndGlobal
